
Microsoft Visual Studio Solution File, Format Version 12.00
# Visual Studio Version 17
VisualStudioVersion = 17.3.32901.215
MinimumVisualStudioVersion = 10.0.40219.1
Project("{9A19103F-16F7-4668-BE54-9A1E7A4F7556}") = "AM.UI.Console", "AM.UI.Console\AM.UI.Console.csproj", "{3813474A-B9BB-415B-9869-211FE601765D}"
EndProject
Project("{9A19103F-16F7-4668-BE54-9A1E7A4F7556}") = "AM.ApplicationCore", "AM.ApplicationCore\AM.ApplicationCore.csproj", "{EF99278E-F3F7-4F6A-AA87-88D9488BA5F4}"
EndProject
Project("{FAE04EC0-301F-11D3-BF4B-00C04F79EFBC}") = "AM.INfrastructure", "AM.ONfrastructure\AM.INfrastructure.csproj", "{2C047178-75CC-458B-8AC3-F01E6CC063D8}"
EndProject
Global
	GlobalSection(SolutionConfigurationPlatforms) = preSolution
		Debug|Any CPU = Debug|Any CPU
		Release|Any CPU = Release|Any CPU
	EndGlobalSection
	GlobalSection(ProjectConfigurationPlatforms) = postSolution
		{3813474A-B9BB-415B-9869-211FE601765D}.Debug|Any CPU.ActiveCfg = Debug|Any CPU
		{3813474A-B9BB-415B-9869-211FE601765D}.Debug|Any CPU.Build.0 = Debug|Any CPU
		{3813474A-B9BB-415B-9869-211FE601765D}.Release|Any CPU.ActiveCfg = Release|Any CPU
		{3813474A-B9BB-415B-9869-211FE601765D}.Release|Any CPU.Build.0 = Release|Any CPU
		{EF99278E-F3F7-4F6A-AA87-88D9488BA5F4}.Debug|Any CPU.ActiveCfg = Debug|Any CPU
		{EF99278E-F3F7-4F6A-AA87-88D9488BA5F4}.Debug|Any CPU.Build.0 = Debug|Any CPU
		{EF99278E-F3F7-4F6A-AA87-88D9488BA5F4}.Release|Any CPU.ActiveCfg = Release|Any CPU
		{EF99278E-F3F7-4F6A-AA87-88D9488BA5F4}.Release|Any CPU.Build.0 = Release|Any CPU
		{2C047178-75CC-458B-8AC3-F01E6CC063D8}.Debug|Any CPU.ActiveCfg = Debug|Any CPU
		{2C047178-75CC-458B-8AC3-F01E6CC063D8}.Debug|Any CPU.Build.0 = Debug|Any CPU
		{2C047178-75CC-458B-8AC3-F01E6CC063D8}.Release|Any CPU.ActiveCfg = Release|Any CPU
		{2C047178-75CC-458B-8AC3-F01E6CC063D8}.Release|Any CPU.Build.0 = Release|Any CPU
	EndGlobalSection
	GlobalSection(SolutionProperties) = preSolution
		HideSolutionNode = FALSE
	EndGlobalSection
	GlobalSection(ExtensibilityGlobals) = postSolution
		SolutionGuid = {58D95B01-0F44-4769-9C05-D481635367B8}
	EndGlobalSection
EndGlobal
